// !$*UTF8*$!
{
	archiveVersion = 1;
	classes = {
	};
	objectVersion = 77;
	objects = {

/* Begin PBXBuildFile section */
		0DC390696B94AC929E960F1C /* AppState.swift in Sources */ = {isa = PBXBuildFile; fileRef = 8C045B57D12D9800B3871090 /* AppState.swift */; };
		1D6EC33C87DA9368EA10CEF3 /* ContentView.swift in Sources */ = {isa = PBXBuildFile; fileRef = D319FA4FCA828158767FA719 /* ContentView.swift */; };
		383AEFAF32BB3CD2C8449182 /* AgentWatchCore in Frameworks */ = {isa = PBXBuildFile; productRef = F22BA62F518D8D926A65420F /* AgentWatchCore */; };
		3B003DFBC5E10898265AAF31 /* ConversationStore.swift in Sources */ = {isa = PBXBuildFile; fileRef = 8B5218D1B27270310C8873F1 /* ConversationStore.swift */; };
		459E4310950A1E5EE9964216 /* VPSClient.swift in Sources */ = {isa = PBXBuildFile; fileRef = BCE4AD63C215A1C584B75AD3 /* VPSClient.swift */; };
		6FE317CD23EF7E4292DB4739 /* StreamingParser.swift in Sources */ = {isa = PBXBuildFile; fileRef = 87086BB71BAF5F0349A7B6C0 /* StreamingParser.swift */; };
		8142D36509A46F1BFBEC3237 /* SettingsView.swift in Sources */ = {isa = PBXBuildFile; fileRef = 17DFA4BDB918A18625EDB514 /* SettingsView.swift */; };
		9F057A52B03CE345CD32E51F /* Assets.xcassets in Resources */ = {isa = PBXBuildFile; fileRef = CDD1C629C9BCCA7A0979F1B6 /* Assets.xcassets */; };
		A02F361A522D84FDFC5EA627 /* HistoryView.swift in Sources */ = {isa = PBXBuildFile; fileRef = 172FC9EBEA645039F954FDF0 /* HistoryView.swift */; };
		B5AC1F0E1217315EA82E4CCC /* SpeechRecorder.swift in Sources */ = {isa = PBXBuildFile; fileRef = E31238B2E4E14B3ACB039786 /* SpeechRecorder.swift */; };
		CDDF86CEAD5CF7141A7ABDAD /* AgentWatchApp.swift in Sources */ = {isa = PBXBuildFile; fileRef = ADC2BB4542A4C065C0497142 /* AgentWatchApp.swift */; };
		D5BF29CCF6DEB90F0824A4AA /* SpeechSynthesizer.swift in Sources */ = {isa = PBXBuildFile; fileRef = C3CA8B1C2D0E986A60167B24 /* SpeechSynthesizer.swift */; };
/* End PBXBuildFile section */

/* Begin PBXFileReference section */
		172FC9EBEA645039F954FDF0 /* HistoryView.swift */ = {isa = PBXFileReference; lastKnownFileType = sourcecode.swift; path = HistoryView.swift; sourceTree = "<group>"; };
		17DFA4BDB918A18625EDB514 /* SettingsView.swift */ = {isa = PBXFileReference; lastKnownFileType = sourcecode.swift; path = SettingsView.swift; sourceTree = "<group>"; };
		87086BB71BAF5F0349A7B6C0 /* StreamingParser.swift */ = {isa = PBXFileReference; lastKnownFileType = sourcecode.swift; path = StreamingParser.swift; sourceTree = "<group>"; };
		8B5218D1B27270310C8873F1 /* ConversationStore.swift */ = {isa = PBXFileReference; lastKnownFileType = sourcecode.swift; path = ConversationStore.swift; sourceTree = "<group>"; };
		8C045B57D12D9800B3871090 /* AppState.swift */ = {isa = PBXFileReference; lastKnownFileType = sourcecode.swift; path = AppState.swift; sourceTree = "<group>"; };
		ADC2BB4542A4C065C0497142 /* AgentWatchApp.swift */ = {isa = PBXFileReference; lastKnownFileType = sourcecode.swift; path = AgentWatchApp.swift; sourceTree = "<group>"; };
		BCE4AD63C215A1C584B75AD3 /* VPSClient.swift */ = {isa = PBXFileReference; lastKnownFileType = sourcecode.swift; path = VPSClient.swift; sourceTree = "<group>"; };
		C3CA8B1C2D0E986A60167B24 /* SpeechSynthesizer.swift */ = {isa = PBXFileReference; lastKnownFileType = sourcecode.swift; path = SpeechSynthesizer.swift; sourceTree = "<group>"; };
		CDD1C629C9BCCA7A0979F1B6 /* Assets.xcassets */ = {isa = PBXFileReference; lastKnownFileType = folder.assetcatalog; path = Assets.xcassets; sourceTree = "<group>"; };
		D319FA4FCA828158767FA719 /* ContentView.swift */ = {isa = PBXFileReference; lastKnownFileType = sourcecode.swift; path = ContentView.swift; sourceTree = "<group>"; };
		D6B13BA44E7C3742E12C74AB /* AgentWatch Watch App.app */ = {isa = PBXFileReference; explicitFileType = wrapper.application; includeInIndex = 0; path = "AgentWatch Watch App.app"; sourceTree = BUILT_PRODUCTS_DIR; };
		E31238B2E4E14B3ACB039786 /* SpeechRecorder.swift */ = {isa = PBXFileReference; lastKnownFileType = sourcecode.swift; path = SpeechRecorder.swift; sourceTree = "<group>"; };
		FF2AD21DDF8F84AF1944F70C /* AgentWatchCore */ = {isa = PBXFileReference; lastKnownFileType = folder; name = AgentWatchCore; path = ../AgentWatchCore; sourceTree = SOURCE_ROOT; };
		FF6DFDD7D511D2BDA2D34B80 /* AgentWatch.entitlements */ = {isa = PBXFileReference; lastKnownFileType = text.plist.entitlements; path = AgentWatch.entitlements; sourceTree = "<group>"; };
/* End PBXFileReference section */

/* Begin PBXFrameworksBuildPhase section */
		FD2B408AC85C5DDE9F5AD576 /* Frameworks */ = {
			isa = PBXFrameworksBuildPhase;
			buildActionMask = 2147483647;
			files = (
				383AEFAF32BB3CD2C8449182 /* AgentWatchCore in Frameworks */,
			);
			runOnlyForDeploymentPostprocessing = 0;
		};
/* End PBXFrameworksBuildPhase section */

/* Begin PBXGroup section */
		305461B132D1C295F390D00A /* Packages */ = {
			isa = PBXGroup;
			children = (
				FF2AD21DDF8F84AF1944F70C /* AgentWatchCore */,
			);
			name = Packages;
			sourceTree = "<group>";
		};
		626CE973B0C397CAC076DFB9 /* Audio */ = {
			isa = PBXGroup;
			children = (
				E31238B2E4E14B3ACB039786 /* SpeechRecorder.swift */,
				C3CA8B1C2D0E986A60167B24 /* SpeechSynthesizer.swift */,
			);
			path = Audio;
			sourceTree = "<group>";
		};
		7AB047447DB04D0932A03148 = {
			isa = PBXGroup;
			children = (
				D685BA2F995A93299B3BBBD1 /* AgentWatch Watch App */,
				305461B132D1C295F390D00A /* Packages */,
				F3EB69DA0C355D7A6ACF37A8 /* Products */,
			);
			sourceTree = "<group>";
		};
		85F500E60ECB7FACC991F938 /* Network */ = {
			isa = PBXGroup;
			children = (
				87086BB71BAF5F0349A7B6C0 /* StreamingParser.swift */,
				BCE4AD63C215A1C584B75AD3 /* VPSClient.swift */,
			);
			path = Network;
			sourceTree = "<group>";
		};
		A02404B7A41F4B648DBE2952 /* Views */ = {
			isa = PBXGroup;
			children = (
				D319FA4FCA828158767FA719 /* ContentView.swift */,
				172FC9EBEA645039F954FDF0 /* HistoryView.swift */,
				17DFA4BDB918A18625EDB514 /* SettingsView.swift */,
			);
			path = Views;
			sourceTree = "<group>";
		};
		D229B82691B3714A8F4D124D /* State */ = {
			isa = PBXGroup;
			children = (
				8C045B57D12D9800B3871090 /* AppState.swift */,
				8B5218D1B27270310C8873F1 /* ConversationStore.swift */,
			);
			path = State;
			sourceTree = "<group>";
		};
		D685BA2F995A93299B3BBBD1 /* AgentWatch Watch App */ = {
			isa = PBXGroup;
			children = (
				FF6DFDD7D511D2BDA2D34B80 /* AgentWatch.entitlements */,
				ADC2BB4542A4C065C0497142 /* AgentWatchApp.swift */,
				CDD1C629C9BCCA7A0979F1B6 /* Assets.xcassets */,
				626CE973B0C397CAC076DFB9 /* Audio */,
				85F500E60ECB7FACC991F938 /* Network */,
				D229B82691B3714A8F4D124D /* State */,
				A02404B7A41F4B648DBE2952 /* Views */,
			);
			path = "AgentWatch Watch App";
			sourceTree = "<group>";
		};
		F3EB69DA0C355D7A6ACF37A8 /* Products */ = {
			isa = PBXGroup;
			children = (
				D6B13BA44E7C3742E12C74AB /* AgentWatch Watch App.app */,
			);
			name = Products;
			sourceTree = "<group>";
		};
/* End PBXGroup section */

/* Begin PBXNativeTarget section */
		E641387DAFB372E613467F87 /* AgentWatch Watch App */ = {
			isa = PBXNativeTarget;
			buildConfigurationList = F03ECFEAEDE3602F7E0CA39D /* Build configuration list for PBXNativeTarget "AgentWatch Watch App" */;
			buildPhases = (
				0B79327C42592B015779540F /* Sources */,
				096235483927359A955ACFAC /* Resources */,
				FD2B408AC85C5DDE9F5AD576 /* Frameworks */,
			);
			buildRules = (
			);
			dependencies = (
			);
			name = "AgentWatch Watch App";
			packageProductDependencies = (
				F22BA62F518D8D926A65420F /* AgentWatchCore */,
			);
			productName = "AgentWatch Watch App";
			productReference = D6B13BA44E7C3742E12C74AB /* AgentWatch Watch App.app */;
			productType = "com.apple.product-type.application";
		};
/* End PBXNativeTarget section */

/* Begin PBXProject section */
		C479C8D8F935AC2A479A39B3 /* Project object */ = {
			isa = PBXProject;
			attributes = {
				BuildIndependentTargetsInParallel = YES;
				LastUpgradeCheck = 1600;
				TargetAttributes = {
					E641387DAFB372E613467F87 = {
						ProvisioningStyle = Automatic;
					};
				};
			};
			buildConfigurationList = E9A1256A7CBF4860EE49CE4E /* Build configuration list for PBXProject "AgentWatch" */;
			developmentRegion = en;
			hasScannedForEncodings = 0;
			knownRegions = (
				Base,
				en,
			);
			mainGroup = 7AB047447DB04D0932A03148;
			minimizedProjectReferenceProxies = 1;
			packageReferences = (
				84DD7B0C023C4F538722EFB9 /* XCLocalSwiftPackageReference "../AgentWatchCore" */,
			);
			preferredProjectObjectVersion = 77;
			productRefGroup = F3EB69DA0C355D7A6ACF37A8 /* Products */;
			projectDirPath = "";
			projectRoot = "";
			targets = (
				E641387DAFB372E613467F87 /* AgentWatch Watch App */,
			);
		};
/* End PBXProject section */

/* Begin PBXResourcesBuildPhase section */
		096235483927359A955ACFAC /* Resources */ = {
			isa = PBXResourcesBuildPhase;
			buildActionMask = 2147483647;
			files = (
				9F057A52B03CE345CD32E51F /* Assets.xcassets in Resources */,
			);
			runOnlyForDeploymentPostprocessing = 0;
		};
/* End PBXResourcesBuildPhase section */

/* Begin PBXSourcesBuildPhase section */
		0B79327C42592B015779540F /* Sources */ = {
			isa = PBXSourcesBuildPhase;
			buildActionMask = 2147483647;
			files = (
				CDDF86CEAD5CF7141A7ABDAD /* AgentWatchApp.swift in Sources */,
				0DC390696B94AC929E960F1C /* AppState.swift in Sources */,
				1D6EC33C87DA9368EA10CEF3 /* ContentView.swift in Sources */,
				3B003DFBC5E10898265AAF31 /* ConversationStore.swift in Sources */,
				A02F361A522D84FDFC5EA627 /* HistoryView.swift in Sources */,
				8142D36509A46F1BFBEC3237 /* SettingsView.swift in Sources */,
				B5AC1F0E1217315EA82E4CCC /* SpeechRecorder.swift in Sources */,
				D5BF29CCF6DEB90F0824A4AA /* SpeechSynthesizer.swift in Sources */,
				6FE317CD23EF7E4292DB4739 /* StreamingParser.swift in Sources */,
				459E4310950A1E5EE9964216 /* VPSClient.swift in Sources */,
			);
			runOnlyForDeploymentPostprocessing = 0;
		};
/* End PBXSourcesBuildPhase section */

/* Begin XCBuildConfiguration section */
		7A964EBF8E4604CBBB21B37C /* Debug */ = {
			isa = XCBuildConfiguration;
			buildSettings = {
				ASSETCATALOG_COMPILER_APPICON_NAME = AppIcon;
				CODE_SIGN_ENTITLEMENTS = "AgentWatch Watch App/AgentWatch.entitlements";
				CODE_SIGN_STYLE = Automatic;
				CURRENT_PROJECT_VERSION = 1;
				GENERATE_INFOPLIST_FILE = NO;
				INFOPLIST_FILE = "AgentWatch Watch App/Info.plist";
				MARKETING_VERSION = 1.0.0;
				PRODUCT_BUNDLE_IDENTIFIER = com.joshuajerin.agentwatchs;
				PRODUCT_NAME = "Agent Watch";
				SDKROOT = watchos;
				SKIP_INSTALL = YES;
				SWIFT_VERSION = 5.9;
				TARGETED_DEVICE_FAMILY = 4;
			};
			name = Debug;
		};
		B44B4662065BD80796115154 /* Release */ = {
			isa = XCBuildConfiguration;
			buildSettings = {
				ALWAYS_SEARCH_USER_PATHS = NO;
				CLANG_ANALYZER_NONNULL = YES;
				CLANG_ANALYZER_NUMBER_OBJECT_CONVERSION = YES_AGGRESSIVE;
				CLANG_CXX_LANGUAGE_STANDARD = "gnu++14";
				CLANG_CXX_LIBRARY = "libc++";
				CLANG_ENABLE_MODULES = YES;
				CLANG_ENABLE_OBJC_ARC = YES;
				CLANG_ENABLE_OBJC_WEAK = YES;
				CLANG_WARN_BLOCK_CAPTURE_AUTORELEASING = YES;
				CLANG_WARN_BOOL_CONVERSION = YES;
				CLANG_WARN_COMMA = YES;
				CLANG_WARN_CONSTANT_CONVERSION = YES;
				CLANG_WARN_DEPRECATED_OBJC_IMPLEMENTATIONS = YES;
				CLANG_WARN_DIRECT_OBJC_ISA_USAGE = YES_ERROR;
				CLANG_WARN_DOCUMENTATION_COMMENTS = YES;
				CLANG_WARN_EMPTY_BODY = YES;
				CLANG_WARN_ENUM_CONVERSION = YES;
				CLANG_WARN_INFINITE_RECURSION = YES;
				CLANG_WARN_INT_CONVERSION = YES;
				CLANG_WARN_NON_LITERAL_NULL_CONVERSION = YES;
				CLANG_WARN_OBJC_IMPLICIT_RETAIN_SELF = YES;
				CLANG_WARN_OBJC_LITERAL_CONVERSION = YES;
				CLANG_WARN_OBJC_ROOT_CLASS = YES_ERROR;
				CLANG_WARN_QUOTED_INCLUDE_IN_FRAMEWORK_HEADER = YES;
				CLANG_WARN_RANGE_LOOP_ANALYSIS = YES;
				CLANG_WARN_STRICT_PROTOTYPES = YES;
				CLANG_WARN_SUSPICIOUS_MOVE = YES;
				CLANG_WARN_UNGUARDED_AVAILABILITY = YES_AGGRESSIVE;
				CLANG_WARN_UNREACHABLE_CODE = YES;
				CLANG_WARN__DUPLICATE_METHOD_MATCH = YES;
				COPY_PHASE_STRIP = NO;
				DEBUG_INFORMATION_FORMAT = "dwarf-with-dsym";
				ENABLE_NS_ASSERTIONS = NO;
				ENABLE_STRICT_OBJC_MSGSEND = YES;
				GCC_C_LANGUAGE_STANDARD = gnu11;
				GCC_NO_COMMON_BLOCKS = YES;
				GCC_WARN_64_TO_32_BIT_CONVERSION = YES;
				GCC_WARN_ABOUT_RETURN_TYPE = YES_ERROR;
				GCC_WARN_UNDECLARED_SELECTOR = YES;
				GCC_WARN_UNINITIALIZED_AUTOS = YES_AGGRESSIVE;
				GCC_WARN_UNUSED_FUNCTION = YES;
				GCC_WARN_UNUSED_VARIABLE = YES;
				MTL_ENABLE_DEBUG_INFO = NO;
				MTL_FAST_MATH = YES;
				PRODUCT_NAME = "$(TARGET_NAME)";
				SDKROOT = watchos;
				SWIFT_COMPILATION_MODE = wholemodule;
				SWIFT_OPTIMIZATION_LEVEL = "-O";
				SWIFT_VERSION = 5.0;
				WATCHOS_DEPLOYMENT_TARGET = 10.0;
			};
			name = Release;
		};
		C51605E12C71140DAB074916 /* Release */ = {
			isa = XCBuildConfiguration;
			buildSettings = {
				ASSETCATALOG_COMPILER_APPICON_NAME = AppIcon;
				CODE_SIGN_ENTITLEMENTS = "AgentWatch Watch App/AgentWatch.entitlements";
				CODE_SIGN_STYLE = Automatic;
				CURRENT_PROJECT_VERSION = 1;
				GENERATE_INFOPLIST_FILE = NO;
				INFOPLIST_FILE = "AgentWatch Watch App/Info.plist";
				MARKETING_VERSION = 1.0.0;
				PRODUCT_BUNDLE_IDENTIFIER = com.joshuajerin.agentwatchs;
				PRODUCT_NAME = "Agent Watch";
				SDKROOT = watchos;
				SKIP_INSTALL = YES;
				SWIFT_VERSION = 5.9;
				TARGETED_DEVICE_FAMILY = 4;
			};
			name = Release;
		};
		EDACF32649EC1886AE00D732 /* Debug */ = {
			isa = XCBuildConfiguration;
			buildSettings = {
				ALWAYS_SEARCH_USER_PATHS = NO;
				CLANG_ANALYZER_NONNULL = YES;
				CLANG_ANALYZER_NUMBER_OBJECT_CONVERSION = YES_AGGRESSIVE;
				CLANG_CXX_LANGUAGE_STANDARD = "gnu++14";
				CLANG_CXX_LIBRARY = "libc++";
				CLANG_ENABLE_MODULES = YES;
				CLANG_ENABLE_OBJC_ARC = YES;
				CLANG_ENABLE_OBJC_WEAK = YES;
				CLANG_WARN_BLOCK_CAPTURE_AUTORELEASING = YES;
				CLANG_WARN_BOOL_CONVERSION = YES;
				CLANG_WARN_COMMA = YES;
				CLANG_WARN_CONSTANT_CONVERSION = YES;
				CLANG_WARN_DEPRECATED_OBJC_IMPLEMENTATIONS = YES;
				CLANG_WARN_DIRECT_OBJC_ISA_USAGE = YES_ERROR;
				CLANG_WARN_DOCUMENTATION_COMMENTS = YES;
				CLANG_WARN_EMPTY_BODY = YES;
				CLANG_WARN_ENUM_CONVERSION = YES;
				CLANG_WARN_INFINITE_RECURSION = YES;
				CLANG_WARN_INT_CONVERSION = YES;
				CLANG_WARN_NON_LITERAL_NULL_CONVERSION = YES;
				CLANG_WARN_OBJC_IMPLICIT_RETAIN_SELF = YES;
				CLANG_WARN_OBJC_LITERAL_CONVERSION = YES;
				CLANG_WARN_OBJC_ROOT_CLASS = YES_ERROR;
				CLANG_WARN_QUOTED_INCLUDE_IN_FRAMEWORK_HEADER = YES;
				CLANG_WARN_RANGE_LOOP_ANALYSIS = YES;
				CLANG_WARN_STRICT_PROTOTYPES = YES;
				CLANG_WARN_SUSPICIOUS_MOVE = YES;
				CLANG_WARN_UNGUARDED_AVAILABILITY = YES_AGGRESSIVE;
				CLANG_WARN_UNREACHABLE_CODE = YES;
				CLANG_WARN__DUPLICATE_METHOD_MATCH = YES;
				COPY_PHASE_STRIP = NO;
				DEBUG_INFORMATION_FORMAT = dwarf;
				ENABLE_STRICT_OBJC_MSGSEND = YES;
				ENABLE_TESTABILITY = YES;
				GCC_C_LANGUAGE_STANDARD = gnu11;
				GCC_DYNAMIC_NO_PIC = NO;
				GCC_NO_COMMON_BLOCKS = YES;
				GCC_OPTIMIZATION_LEVEL = 0;
				GCC_PREPROCESSOR_DEFINITIONS = (
					"$(inherited)",
					"DEBUG=1",
				);
				GCC_WARN_64_TO_32_BIT_CONVERSION = YES;
				GCC_WARN_ABOUT_RETURN_TYPE = YES_ERROR;
				GCC_WARN_UNDECLARED_SELECTOR = YES;
				GCC_WARN_UNINITIALIZED_AUTOS = YES_AGGRESSIVE;
				GCC_WARN_UNUSED_FUNCTION = YES;
				GCC_WARN_UNUSED_VARIABLE = YES;
				MTL_ENABLE_DEBUG_INFO = INCLUDE_SOURCE;
				MTL_FAST_MATH = YES;
				ONLY_ACTIVE_ARCH = YES;
				PRODUCT_NAME = "$(TARGET_NAME)";
				SDKROOT = watchos;
				SWIFT_ACTIVE_COMPILATION_CONDITIONS = DEBUG;
				SWIFT_OPTIMIZATION_LEVEL = "-Onone";
				SWIFT_VERSION = 5.0;
				WATCHOS_DEPLOYMENT_TARGET = 10.0;
			};
			name = Debug;
		};
/* End XCBuildConfiguration section */

/* Begin XCConfigurationList section */
		E9A1256A7CBF4860EE49CE4E /* Build configuration list for PBXProject "AgentWatch" */ = {
			isa = XCConfigurationList;
			buildConfigurations = (
				EDACF32649EC1886AE00D732 /* Debug */,
				B44B4662065BD80796115154 /* Release */,
			);
			defaultConfigurationIsVisible = 0;
			defaultConfigurationName = Debug;
		};
		F03ECFEAEDE3602F7E0CA39D /* Build configuration list for PBXNativeTarget "AgentWatch Watch App" */ = {
			isa = XCConfigurationList;
			buildConfigurations = (
				7A964EBF8E4604CBBB21B37C /* Debug */,
				C51605E12C71140DAB074916 /* Release */,
			);
			defaultConfigurationIsVisible = 0;
			defaultConfigurationName = Debug;
		};
/* End XCConfigurationList section */

/* Begin XCLocalSwiftPackageReference section */
		84DD7B0C023C4F538722EFB9 /* XCLocalSwiftPackageReference "../AgentWatchCore" */ = {
			isa = XCLocalSwiftPackageReference;
			relativePath = ../AgentWatchCore;
		};
/* End XCLocalSwiftPackageReference section */

/* Begin XCSwiftPackageProductDependency section */
		F22BA62F518D8D926A65420F /* AgentWatchCore */ = {
			isa = XCSwiftPackageProductDependency;
			productName = AgentWatchCore;
		};
/* End XCSwiftPackageProductDependency section */
	};
	rootObject = C479C8D8F935AC2A479A39B3 /* Project object */;
}
